
Microsoft Visual Studio Solution File, Format Version 12.00
# Visual Studio 15
VisualStudioVersion = 15.0.28307.168
MinimumVisualStudioVersion = 10.0.40219.1
Project("{FAE04EC0-301F-11D3-BF4B-00C04F79EFBC}") = "Assembly-CSharp-firstpass", "Assembly-CSharp-firstpass.csproj", "{2412B9B6-4A91-FD2F-8C92-AE693B04D33B}"
EndProject
Project("{FAE04EC0-301F-11D3-BF4B-00C04F79EFBC}") = "Assembly-CSharp", "Assembly-CSharp.csproj", "{AD27F051-AF7B-0C9E-BD18-9A67FC2E2BE9}"
EndProject
Project("{FAE04EC0-301F-11D3-BF4B-00C04F79EFBC}") = "Assembly-CSharp-Editor-firstpass", "Assembly-CSharp-Editor-firstpass.csproj", "{2BB91377-14BA-E4AB-36C0-EDD06984EF72}"
EndProject
Global
	GlobalSection(SolutionConfigurationPlatforms) = preSolution
		Debug|Any CPU = Debug|Any CPU
		Release|Any CPU = Release|Any CPU
	EndGlobalSection
	GlobalSection(ProjectConfigurationPlatforms) = postSolution
		{2412B9B6-4A91-FD2F-8C92-AE693B04D33B}.Debug|Any CPU.ActiveCfg = Debug|Any CPU
		{2412B9B6-4A91-FD2F-8C92-AE693B04D33B}.Debug|Any CPU.Build.0 = Debug|Any CPU
		{2412B9B6-4A91-FD2F-8C92-AE693B04D33B}.Release|Any CPU.ActiveCfg = Release|Any CPU
		{2412B9B6-4A91-FD2F-8C92-AE693B04D33B}.Release|Any CPU.Build.0 = Release|Any CPU
		{AD27F051-AF7B-0C9E-BD18-9A67FC2E2BE9}.Debug|Any CPU.ActiveCfg = Debug|Any CPU
		{AD27F051-AF7B-0C9E-BD18-9A67FC2E2BE9}.Debug|Any CPU.Build.0 = Debug|Any CPU
		{AD27F051-AF7B-0C9E-BD18-9A67FC2E2BE9}.Release|Any CPU.ActiveCfg = Release|Any CPU
		{AD27F051-AF7B-0C9E-BD18-9A67FC2E2BE9}.Release|Any CPU.Build.0 = Release|Any CPU
		{2BB91377-14BA-E4AB-36C0-EDD06984EF72}.Debug|Any CPU.ActiveCfg = Debug|Any CPU
		{2BB91377-14BA-E4AB-36C0-EDD06984EF72}.Debug|Any CPU.Build.0 = Debug|Any CPU
		{2BB91377-14BA-E4AB-36C0-EDD06984EF72}.Release|Any CPU.ActiveCfg = Release|Any CPU
		{2BB91377-14BA-E4AB-36C0-EDD06984EF72}.Release|Any CPU.Build.0 = Release|Any CPU
	EndGlobalSection
	GlobalSection(SolutionProperties) = preSolution
		HideSolutionNode = FALSE
	EndGlobalSection
	GlobalSection(ExtensibilityGlobals) = postSolution
		SolutionGuid = {88C1C76D-3ECA-408F-9DC2-C0421DE27830}
	EndGlobalSection
EndGlobal
