
Microsoft Visual Studio Solution File, Format Version 12.00
# Visual Studio 15
Project("{FAE04EC0-301F-11D3-BF4B-00C04F79EFBC}") = "Assembly-CSharp", "Assembly-CSharp.csproj", "{E310E3EC-4241-ECE8-8644-D13E4ED3A6E4}"
EndProject
Project("{FAE04EC0-301F-11D3-BF4B-00C04F79EFBC}") = "Assembly-CSharp-firstpass", "Assembly-CSharp-firstpass.csproj", "{2412B9B6-4A91-FD2F-8C92-AE693B04D33B}"
EndProject
Project("{FAE04EC0-301F-11D3-BF4B-00C04F79EFBC}") = "Coffee.UIParticle.Demo", "Coffee.UIParticle.Demo.csproj", "{82C2C878-1A94-0E0B-4B59-3281BCDE1005}"
EndProject
Project("{FAE04EC0-301F-11D3-BF4B-00C04F79EFBC}") = "Coffee.UIParticle", "Coffee.UIParticle.csproj", "{0AC398CA-C3E4-CD7D-65AB-9CD41218FB65}"
EndProject
Project("{FAE04EC0-301F-11D3-BF4B-00C04F79EFBC}") = "Coffee.CFX_Demo_With_UIParticle", "Coffee.CFX_Demo_With_UIParticle.csproj", "{C894CE0C-9167-0853-A73A-8DC817FFBD1D}"
EndProject
Project("{FAE04EC0-301F-11D3-BF4B-00C04F79EFBC}") = "Coffee.UIParticle.Editor", "Coffee.UIParticle.Editor.csproj", "{9A351886-26AF-3875-FEFB-CE471910CA28}"
EndProject
Project("{FAE04EC0-301F-11D3-BF4B-00C04F79EFBC}") = "Assembly-CSharp-Editor-firstpass", "Assembly-CSharp-Editor-firstpass.csproj", "{2BB91377-14BA-E4AB-36C0-EDD06984EF72}"
EndProject
Global
	GlobalSection(SolutionConfigurationPlatforms) = preSolution
		Debug|Any CPU = Debug|Any CPU
		Release|Any CPU = Release|Any CPU
	EndGlobalSection
	GlobalSection(ProjectConfigurationPlatforms) = postSolution
		{E310E3EC-4241-ECE8-8644-D13E4ED3A6E4}.Debug|Any CPU.ActiveCfg = Debug|Any CPU
		{E310E3EC-4241-ECE8-8644-D13E4ED3A6E4}.Debug|Any CPU.Build.0 = Debug|Any CPU
		{E310E3EC-4241-ECE8-8644-D13E4ED3A6E4}.Release|Any CPU.ActiveCfg = Release|Any CPU
		{E310E3EC-4241-ECE8-8644-D13E4ED3A6E4}.Release|Any CPU.Build.0 = Release|Any CPU
		{2412B9B6-4A91-FD2F-8C92-AE693B04D33B}.Debug|Any CPU.ActiveCfg = Debug|Any CPU
		{2412B9B6-4A91-FD2F-8C92-AE693B04D33B}.Debug|Any CPU.Build.0 = Debug|Any CPU
		{2412B9B6-4A91-FD2F-8C92-AE693B04D33B}.Release|Any CPU.ActiveCfg = Release|Any CPU
		{2412B9B6-4A91-FD2F-8C92-AE693B04D33B}.Release|Any CPU.Build.0 = Release|Any CPU
		{82C2C878-1A94-0E0B-4B59-3281BCDE1005}.Debug|Any CPU.ActiveCfg = Debug|Any CPU
		{82C2C878-1A94-0E0B-4B59-3281BCDE1005}.Debug|Any CPU.Build.0 = Debug|Any CPU
		{82C2C878-1A94-0E0B-4B59-3281BCDE1005}.Release|Any CPU.ActiveCfg = Release|Any CPU
		{82C2C878-1A94-0E0B-4B59-3281BCDE1005}.Release|Any CPU.Build.0 = Release|Any CPU
		{0AC398CA-C3E4-CD7D-65AB-9CD41218FB65}.Debug|Any CPU.ActiveCfg = Debug|Any CPU
		{0AC398CA-C3E4-CD7D-65AB-9CD41218FB65}.Debug|Any CPU.Build.0 = Debug|Any CPU
		{0AC398CA-C3E4-CD7D-65AB-9CD41218FB65}.Release|Any CPU.ActiveCfg = Release|Any CPU
		{0AC398CA-C3E4-CD7D-65AB-9CD41218FB65}.Release|Any CPU.Build.0 = Release|Any CPU
		{C894CE0C-9167-0853-A73A-8DC817FFBD1D}.Debug|Any CPU.ActiveCfg = Debug|Any CPU
		{C894CE0C-9167-0853-A73A-8DC817FFBD1D}.Debug|Any CPU.Build.0 = Debug|Any CPU
		{C894CE0C-9167-0853-A73A-8DC817FFBD1D}.Release|Any CPU.ActiveCfg = Release|Any CPU
		{C894CE0C-9167-0853-A73A-8DC817FFBD1D}.Release|Any CPU.Build.0 = Release|Any CPU
		{9A351886-26AF-3875-FEFB-CE471910CA28}.Debug|Any CPU.ActiveCfg = Debug|Any CPU
		{9A351886-26AF-3875-FEFB-CE471910CA28}.Debug|Any CPU.Build.0 = Debug|Any CPU
		{9A351886-26AF-3875-FEFB-CE471910CA28}.Release|Any CPU.ActiveCfg = Release|Any CPU
		{9A351886-26AF-3875-FEFB-CE471910CA28}.Release|Any CPU.Build.0 = Release|Any CPU
		{2BB91377-14BA-E4AB-36C0-EDD06984EF72}.Debug|Any CPU.ActiveCfg = Debug|Any CPU
		{2BB91377-14BA-E4AB-36C0-EDD06984EF72}.Debug|Any CPU.Build.0 = Debug|Any CPU
		{2BB91377-14BA-E4AB-36C0-EDD06984EF72}.Release|Any CPU.ActiveCfg = Release|Any CPU
		{2BB91377-14BA-E4AB-36C0-EDD06984EF72}.Release|Any CPU.Build.0 = Release|Any CPU
	EndGlobalSection
	GlobalSection(SolutionProperties) = preSolution
		HideSolutionNode = FALSE
	EndGlobalSection
EndGlobal
